// !$*UTF8*$!
{
	archiveVersion = 1;
	classes = {
	};
	objectVersion = 56;
	objects = {

/* Begin PBXBuildFile section */
		89E1502D2947644A003F3ACD /* TFWidget.swift in Sources */ = {isa = PBXBuildFile; fileRef = 89E1502C2947644A003F3ACD /* TFWidget.swift */; };
		89E15036294765F5003F3ACD /* Assets.xcassets in Resources */ = {isa = PBXBuildFile; fileRef = 89E15035294765F5003F3ACD /* Assets.xcassets */; };
		89E15038294767D8003F3ACD /* TFImage.swift in Sources */ = {isa = PBXBuildFile; fileRef = 89E15037294767D8003F3ACD /* TFImage.swift */; };
		F14267CAF2E30787EEDEAF0B /* Pods_TransFlag.framework in Frameworks */ = {isa = PBXBuildFile; fileRef = 035371281816F2F225625E0A /* Pods_TransFlag.framework */; };
/* End PBXBuildFile section */

/* Begin PBXFileReference section */
		035371281816F2F225625E0A /* Pods_TransFlag.framework */ = {isa = PBXFileReference; explicitFileType = wrapper.framework; includeInIndex = 0; path = Pods_TransFlag.framework; sourceTree = BUILT_PRODUCTS_DIR; };
		23D0BC457F48B38426859E89 /* Pods-TransFlag.debug.xcconfig */ = {isa = PBXFileReference; includeInIndex = 1; lastKnownFileType = text.xcconfig; name = "Pods-TransFlag.debug.xcconfig"; path = "Target Support Files/Pods-TransFlag/Pods-TransFlag.debug.xcconfig"; sourceTree = "<group>"; };
		89E150282947644A003F3ACD /* TransFlag.pock */ = {isa = PBXFileReference; explicitFileType = wrapper.cfbundle; includeInIndex = 0; path = TransFlag.pock; sourceTree = BUILT_PRODUCTS_DIR; };
		89E1502C2947644A003F3ACD /* TFWidget.swift */ = {isa = PBXFileReference; lastKnownFileType = sourcecode.swift; path = TFWidget.swift; sourceTree = "<group>"; };
		89E1502E2947644A003F3ACD /* Podfile */ = {isa = PBXFileReference; lastKnownFileType = text; name = Podfile; path = ../Podfile; sourceTree = "<group>"; };
		89E1502F2947644A003F3ACD /* Info.plist */ = {isa = PBXFileReference; lastKnownFileType = text.plist.xml; path = Info.plist; sourceTree = "<group>"; };
		89E15035294765F5003F3ACD /* Assets.xcassets */ = {isa = PBXFileReference; lastKnownFileType = folder.assetcatalog; path = Assets.xcassets; sourceTree = "<group>"; };
		89E15037294767D8003F3ACD /* TFImage.swift */ = {isa = PBXFileReference; lastKnownFileType = sourcecode.swift; path = TFImage.swift; sourceTree = "<group>"; };
		E91115959BD40CB49274640C /* Pods-TransFlag.release.xcconfig */ = {isa = PBXFileReference; includeInIndex = 1; lastKnownFileType = text.xcconfig; name = "Pods-TransFlag.release.xcconfig"; path = "Target Support Files/Pods-TransFlag/Pods-TransFlag.release.xcconfig"; sourceTree = "<group>"; };
/* End PBXFileReference section */

/* Begin PBXFrameworksBuildPhase section */
		89E150242947644A003F3ACD /* Frameworks */ = {
			isa = PBXFrameworksBuildPhase;
			buildActionMask = 2147483647;
			files = (
				F14267CAF2E30787EEDEAF0B /* Pods_TransFlag.framework in Frameworks */,
			);
			runOnlyForDeploymentPostprocessing = 0;
		};
/* End PBXFrameworksBuildPhase section */

/* Begin PBXGroup section */
		2CE9BC2DB40107D71C2AC656 /* Frameworks */ = {
			isa = PBXGroup;
			children = (
				035371281816F2F225625E0A /* Pods_TransFlag.framework */,
			);
			name = Frameworks;
			sourceTree = "<group>";
		};
		44A340906410FB38208A5114 /* Pods */ = {
			isa = PBXGroup;
			children = (
				23D0BC457F48B38426859E89 /* Pods-TransFlag.debug.xcconfig */,
				E91115959BD40CB49274640C /* Pods-TransFlag.release.xcconfig */,
			);
			path = Pods;
			sourceTree = "<group>";
		};
		89E1501E2947644A003F3ACD = {
			isa = PBXGroup;
			children = (
				89E1502A2947644A003F3ACD /* TransFlag */,
				89E150292947644A003F3ACD /* Products */,
				44A340906410FB38208A5114 /* Pods */,
				2CE9BC2DB40107D71C2AC656 /* Frameworks */,
			);
			sourceTree = "<group>";
		};
		89E150292947644A003F3ACD /* Products */ = {
			isa = PBXGroup;
			children = (
				89E150282947644A003F3ACD /* TransFlag.pock */,
			);
			name = Products;
			sourceTree = "<group>";
		};
		89E1502A2947644A003F3ACD /* TransFlag */ = {
			isa = PBXGroup;
			children = (
				89E1502E2947644A003F3ACD /* Podfile */,
				89E1502F2947644A003F3ACD /* Info.plist */,
				89E1502B2947644A003F3ACD /* Sources */,
			);
			path = TransFlag;
			sourceTree = "<group>";
		};
		89E1502B2947644A003F3ACD /* Sources */ = {
			isa = PBXGroup;
			children = (
				89E1502C2947644A003F3ACD /* TFWidget.swift */,
				89E15035294765F5003F3ACD /* Assets.xcassets */,
				89E15037294767D8003F3ACD /* TFImage.swift */,
			);
			path = Sources;
			sourceTree = "<group>";
		};
/* End PBXGroup section */

/* Begin PBXNativeTarget section */
		89E150272947644A003F3ACD /* TransFlag */ = {
			isa = PBXNativeTarget;
			buildConfigurationList = 89E150322947644A003F3ACD /* Build configuration list for PBXNativeTarget "TransFlag" */;
			buildPhases = (
				D8A1D04A969E8592C5C039C0 /* [CP] Check Pods Manifest.lock */,
				89E150232947644A003F3ACD /* Sources */,
				89E150242947644A003F3ACD /* Frameworks */,
				89E150252947644A003F3ACD /* Resources */,
				89E150262947644A003F3ACD /* [PK] Install widget */,
			);
			buildRules = (
			);
			dependencies = (
			);
			name = TransFlag;
			productName = TransFlag;
			productReference = 89E150282947644A003F3ACD /* TransFlag.pock */;
			productType = "com.apple.product-type.bundle";
		};
/* End PBXNativeTarget section */

/* Begin PBXProject section */
		89E1501F2947644A003F3ACD /* Project object */ = {
			isa = PBXProject;
			attributes = {
				BuildIndependentTargetsInParallel = 1;
				LastSwiftUpdateCheck = 1410;
				LastUpgradeCheck = 1410;
				TargetAttributes = {
					89E150272947644A003F3ACD = {
						CreatedOnToolsVersion = 14.1;
					};
				};
			};
			buildConfigurationList = 89E150222947644A003F3ACD /* Build configuration list for PBXProject "TransFlag" */;
			compatibilityVersion = "Xcode 14.0";
			developmentRegion = en;
			hasScannedForEncodings = 0;
			knownRegions = (
				en,
				Base,
			);
			mainGroup = 89E1501E2947644A003F3ACD;
			productRefGroup = 89E150292947644A003F3ACD /* Products */;
			projectDirPath = "";
			projectRoot = "";
			targets = (
				89E150272947644A003F3ACD /* TransFlag */,
			);
		};
/* End PBXProject section */

/* Begin PBXResourcesBuildPhase section */
		89E150252947644A003F3ACD /* Resources */ = {
			isa = PBXResourcesBuildPhase;
			buildActionMask = 2147483647;
			files = (
				89E15036294765F5003F3ACD /* Assets.xcassets in Resources */,
			);
			runOnlyForDeploymentPostprocessing = 0;
		};
/* End PBXResourcesBuildPhase section */

/* Begin PBXShellScriptBuildPhase section */
		89E150262947644A003F3ACD /* [PK] Install widget */ = {
			isa = PBXShellScriptBuildPhase;
			buildActionMask = 2147483647;
			files = (
			);
			inputFileListPaths = (
			);
			inputPaths = (
			);
			name = "[PK] Install widget";
			outputFileListPaths = (
			);
			outputPaths = (
			);
			runOnlyForDeploymentPostprocessing = 0;
			shellPath = /bin/sh;
			shellScript = "# Install widget.\necho \"[${PRODUCT_NAME}.pock] Starting installation\"\nFILEPATH=$TARGET_BUILD_DIR/$PRODUCT_NAME.pock \nopen \"$FILEPATH\"";
		};
		D8A1D04A969E8592C5C039C0 /* [CP] Check Pods Manifest.lock */ = {
			isa = PBXShellScriptBuildPhase;
			buildActionMask = 2147483647;
			files = (
			);
			inputFileListPaths = (
			);
			inputPaths = (
				"${PODS_PODFILE_DIR_PATH}/Podfile.lock",
				"${PODS_ROOT}/Manifest.lock",
			);
			name = "[CP] Check Pods Manifest.lock";
			outputFileListPaths = (
			);
			outputPaths = (
				"$(DERIVED_FILE_DIR)/Pods-TransFlag-checkManifestLockResult.txt",
			);
			runOnlyForDeploymentPostprocessing = 0;
			shellPath = /bin/sh;
			shellScript = "diff \"${PODS_PODFILE_DIR_PATH}/Podfile.lock\" \"${PODS_ROOT}/Manifest.lock\" > /dev/null\nif [ $? != 0 ] ; then\n    # print error to STDERR\n    echo \"error: The sandbox is not in sync with the Podfile.lock. Run 'pod install' or update your CocoaPods installation.\" >&2\n    exit 1\nfi\n# This output is used by Xcode 'outputs' to avoid re-running this script phase.\necho \"SUCCESS\" > \"${SCRIPT_OUTPUT_FILE_0}\"\n";
			showEnvVarsInLog = 0;
		};
/* End PBXShellScriptBuildPhase section */

/* Begin PBXSourcesBuildPhase section */
		89E150232947644A003F3ACD /* Sources */ = {
			isa = PBXSourcesBuildPhase;
			buildActionMask = 2147483647;
			files = (
				89E1502D2947644A003F3ACD /* TFWidget.swift in Sources */,
				89E15038294767D8003F3ACD /* TFImage.swift in Sources */,
			);
			runOnlyForDeploymentPostprocessing = 0;
		};
/* End PBXSourcesBuildPhase section */

/* Begin XCBuildConfiguration section */
		89E150302947644A003F3ACD /* Debug */ = {
			isa = XCBuildConfiguration;
			buildSettings = {
				ALWAYS_SEARCH_USER_PATHS = NO;
				CLANG_ANALYZER_NONNULL = YES;
				CLANG_ANALYZER_NUMBER_OBJECT_CONVERSION = YES_AGGRESSIVE;
				CLANG_CXX_LANGUAGE_STANDARD = "gnu++20";
				CLANG_ENABLE_MODULES = YES;
				CLANG_ENABLE_OBJC_ARC = YES;
				CLANG_ENABLE_OBJC_WEAK = YES;
				CLANG_WARN_BLOCK_CAPTURE_AUTORELEASING = YES;
				CLANG_WARN_BOOL_CONVERSION = YES;
				CLANG_WARN_COMMA = YES;
				CLANG_WARN_CONSTANT_CONVERSION = YES;
				CLANG_WARN_DEPRECATED_OBJC_IMPLEMENTATIONS = YES;
				CLANG_WARN_DIRECT_OBJC_ISA_USAGE = YES_ERROR;
				CLANG_WARN_DOCUMENTATION_COMMENTS = YES;
				CLANG_WARN_EMPTY_BODY = YES;
				CLANG_WARN_ENUM_CONVERSION = YES;
				CLANG_WARN_INFINITE_RECURSION = YES;
				CLANG_WARN_INT_CONVERSION = YES;
				CLANG_WARN_NON_LITERAL_NULL_CONVERSION = YES;
				CLANG_WARN_OBJC_IMPLICIT_RETAIN_SELF = YES;
				CLANG_WARN_OBJC_LITERAL_CONVERSION = YES;
				CLANG_WARN_OBJC_ROOT_CLASS = YES_ERROR;
				CLANG_WARN_QUOTED_INCLUDE_IN_FRAMEWORK_HEADER = YES;
				CLANG_WARN_RANGE_LOOP_ANALYSIS = YES;
				CLANG_WARN_STRICT_PROTOTYPES = YES;
				CLANG_WARN_SUSPICIOUS_MOVE = YES;
				CLANG_WARN_UNGUARDED_AVAILABILITY = YES_AGGRESSIVE;
				CLANG_WARN_UNREACHABLE_CODE = YES;
				CLANG_WARN__DUPLICATE_METHOD_MATCH = YES;
				COPY_PHASE_STRIP = NO;
				DEBUG_INFORMATION_FORMAT = dwarf;
				ENABLE_STRICT_OBJC_MSGSEND = YES;
				ENABLE_TESTABILITY = YES;
				GCC_C_LANGUAGE_STANDARD = gnu11;
				GCC_DYNAMIC_NO_PIC = NO;
				GCC_NO_COMMON_BLOCKS = YES;
				GCC_OPTIMIZATION_LEVEL = 0;
				GCC_PREPROCESSOR_DEFINITIONS = (
					"DEBUG=1",
					"$(inherited)",
				);
				GCC_WARN_64_TO_32_BIT_CONVERSION = YES;
				GCC_WARN_ABOUT_RETURN_TYPE = YES_ERROR;
				GCC_WARN_UNDECLARED_SELECTOR = YES;
				GCC_WARN_UNINITIALIZED_AUTOS = YES_AGGRESSIVE;
				GCC_WARN_UNUSED_FUNCTION = YES;
				GCC_WARN_UNUSED_VARIABLE = YES;
				MACOSX_DEPLOYMENT_TARGET = 13.0;
				MTL_ENABLE_DEBUG_INFO = INCLUDE_SOURCE;
				MTL_FAST_MATH = YES;
				ONLY_ACTIVE_ARCH = YES;
				SDKROOT = macosx;
			};
			name = Debug;
		};
		89E150312947644A003F3ACD /* Release */ = {
			isa = XCBuildConfiguration;
			buildSettings = {
				ALWAYS_SEARCH_USER_PATHS = NO;
				CLANG_ANALYZER_NONNULL = YES;
				CLANG_ANALYZER_NUMBER_OBJECT_CONVERSION = YES_AGGRESSIVE;
				CLANG_CXX_LANGUAGE_STANDARD = "gnu++20";
				CLANG_ENABLE_MODULES = YES;
				CLANG_ENABLE_OBJC_ARC = YES;
				CLANG_ENABLE_OBJC_WEAK = YES;
				CLANG_WARN_BLOCK_CAPTURE_AUTORELEASING = YES;
				CLANG_WARN_BOOL_CONVERSION = YES;
				CLANG_WARN_COMMA = YES;
				CLANG_WARN_CONSTANT_CONVERSION = YES;
				CLANG_WARN_DEPRECATED_OBJC_IMPLEMENTATIONS = YES;
				CLANG_WARN_DIRECT_OBJC_ISA_USAGE = YES_ERROR;
				CLANG_WARN_DOCUMENTATION_COMMENTS = YES;
				CLANG_WARN_EMPTY_BODY = YES;
				CLANG_WARN_ENUM_CONVERSION = YES;
				CLANG_WARN_INFINITE_RECURSION = YES;
				CLANG_WARN_INT_CONVERSION = YES;
				CLANG_WARN_NON_LITERAL_NULL_CONVERSION = YES;
				CLANG_WARN_OBJC_IMPLICIT_RETAIN_SELF = YES;
				CLANG_WARN_OBJC_LITERAL_CONVERSION = YES;
				CLANG_WARN_OBJC_ROOT_CLASS = YES_ERROR;
				CLANG_WARN_QUOTED_INCLUDE_IN_FRAMEWORK_HEADER = YES;
				CLANG_WARN_RANGE_LOOP_ANALYSIS = YES;
				CLANG_WARN_STRICT_PROTOTYPES = YES;
				CLANG_WARN_SUSPICIOUS_MOVE = YES;
				CLANG_WARN_UNGUARDED_AVAILABILITY = YES_AGGRESSIVE;
				CLANG_WARN_UNREACHABLE_CODE = YES;
				CLANG_WARN__DUPLICATE_METHOD_MATCH = YES;
				COPY_PHASE_STRIP = NO;
				DEBUG_INFORMATION_FORMAT = "dwarf-with-dsym";
				ENABLE_NS_ASSERTIONS = NO;
				ENABLE_STRICT_OBJC_MSGSEND = YES;
				GCC_C_LANGUAGE_STANDARD = gnu11;
				GCC_NO_COMMON_BLOCKS = YES;
				GCC_WARN_64_TO_32_BIT_CONVERSION = YES;
				GCC_WARN_ABOUT_RETURN_TYPE = YES_ERROR;
				GCC_WARN_UNDECLARED_SELECTOR = YES;
				GCC_WARN_UNINITIALIZED_AUTOS = YES_AGGRESSIVE;
				GCC_WARN_UNUSED_FUNCTION = YES;
				GCC_WARN_UNUSED_VARIABLE = YES;
				MACOSX_DEPLOYMENT_TARGET = 13.0;
				MTL_ENABLE_DEBUG_INFO = NO;
				MTL_FAST_MATH = YES;
				SDKROOT = macosx;
			};
			name = Release;
		};
		89E150332947644A003F3ACD /* Debug */ = {
			isa = XCBuildConfiguration;
			baseConfigurationReference = 23D0BC457F48B38426859E89 /* Pods-TransFlag.debug.xcconfig */;
			buildSettings = {
				ALWAYS_EMBED_SWIFT_STANDARD_LIBRARIES = YES;
				CODE_SIGN_STYLE = Automatic;
				COMBINE_HIDPI_IMAGES = YES;
				CURRENT_PROJECT_VERSION = 1;
				DEVELOPMENT_TEAM = DQHF8K8AMX;
				GENERATE_INFOPLIST_FILE = YES;
				INFOPLIST_FILE = TransFlag/Info.plist;
				INSTALL_PATH = "$(LOCAL_LIBRARY_DIR)/Application\\ Support/Pock/Widgets";
				MARKETING_VERSION = 1.0;
				PRODUCT_BUNDLE_IDENTIFIER = lgbt.mclean.TransFlag;
				PRODUCT_NAME = "$(TARGET_NAME)";
				SWIFT_EMIT_LOC_STRINGS = YES;
				SWIFT_VERSION = 5.0;
				WRAPPER_EXTENSION = pock;
			};
			name = Debug;
		};
		89E150342947644A003F3ACD /* Release */ = {
			isa = XCBuildConfiguration;
			baseConfigurationReference = E91115959BD40CB49274640C /* Pods-TransFlag.release.xcconfig */;
			buildSettings = {
				ALWAYS_EMBED_SWIFT_STANDARD_LIBRARIES = YES;
				CODE_SIGN_STYLE = Automatic;
				COMBINE_HIDPI_IMAGES = YES;
				CURRENT_PROJECT_VERSION = 1;
				DEVELOPMENT_TEAM = DQHF8K8AMX;
				GENERATE_INFOPLIST_FILE = YES;
				INFOPLIST_FILE = TransFlag/Info.plist;
				INSTALL_PATH = "$(LOCAL_LIBRARY_DIR)/Application\\ Support/Pock/Widgets";
				MARKETING_VERSION = 1.0;
				PRODUCT_BUNDLE_IDENTIFIER = lgbt.mclean.TransFlag;
				PRODUCT_NAME = "$(TARGET_NAME)";
				SWIFT_EMIT_LOC_STRINGS = YES;
				SWIFT_VERSION = 5.0;
				WRAPPER_EXTENSION = pock;
			};
			name = Release;
		};
/* End XCBuildConfiguration section */

/* Begin XCConfigurationList section */
		89E150222947644A003F3ACD /* Build configuration list for PBXProject "TransFlag" */ = {
			isa = XCConfigurationList;
			buildConfigurations = (
				89E150302947644A003F3ACD /* Debug */,
				89E150312947644A003F3ACD /* Release */,
			);
			defaultConfigurationIsVisible = 0;
			defaultConfigurationName = Release;
		};
		89E150322947644A003F3ACD /* Build configuration list for PBXNativeTarget "TransFlag" */ = {
			isa = XCConfigurationList;
			buildConfigurations = (
				89E150332947644A003F3ACD /* Debug */,
				89E150342947644A003F3ACD /* Release */,
			);
			defaultConfigurationIsVisible = 0;
			defaultConfigurationName = Release;
		};
/* End XCConfigurationList section */
	};
	rootObject = 89E1501F2947644A003F3ACD /* Project object */;
}
